
Microsoft Visual Studio Solution File, Format Version 12.00
# Visual Studio Version 17
VisualStudioVersion = 17.11.35312.102
MinimumVisualStudioVersion = 10.0.40219.1
Project("{9A19103F-16F7-4668-BE54-9A1E7A4F7556}") = "SolessBack", "SolessBack\SolessBack.csproj", "{BA15A47D-014B-4E67-8AC2-8DDC099E0DBF}"
EndProject
Global
	GlobalSection(SolutionConfigurationPlatforms) = preSolution
		Debug|Any CPU = Debug|Any CPU
		Release|Any CPU = Release|Any CPU
	EndGlobalSection
	GlobalSection(ProjectConfigurationPlatforms) = postSolution
		{BA15A47D-014B-4E67-8AC2-8DDC099E0DBF}.Debug|Any CPU.ActiveCfg = Debug|Any CPU
		{BA15A47D-014B-4E67-8AC2-8DDC099E0DBF}.Debug|Any CPU.Build.0 = Debug|Any CPU
		{BA15A47D-014B-4E67-8AC2-8DDC099E0DBF}.Release|Any CPU.ActiveCfg = Release|Any CPU
		{BA15A47D-014B-4E67-8AC2-8DDC099E0DBF}.Release|Any CPU.Build.0 = Release|Any CPU
	EndGlobalSection
	GlobalSection(SolutionProperties) = preSolution
		HideSolutionNode = FALSE
	EndGlobalSection
	GlobalSection(ExtensibilityGlobals) = postSolution
		SolutionGuid = {DC6BE436-61FA-478B-BCBC-5C1FBD04863E}
	EndGlobalSection
EndGlobal
